// !$*UTF8*$!
{
	archiveVersion = 1;
	classes = {
	};
	objectVersion = 46;
	objects = {

/* Begin PBXBuildFile section */
		2014FFA41CD173B100B95AFA /* AppDelegate.swift in Sources */ = {isa = PBXBuildFile; fileRef = 2014FFA31CD173B100B95AFA /* AppDelegate.swift */; };
		2014FFA61CD173B100B95AFA /* ViewController.swift in Sources */ = {isa = PBXBuildFile; fileRef = 2014FFA51CD173B100B95AFA /* ViewController.swift */; };
		2014FFA91CD173B100B95AFA /* Main.storyboard in Resources */ = {isa = PBXBuildFile; fileRef = 2014FFA71CD173B100B95AFA /* Main.storyboard */; };
		2014FFAB1CD173B100B95AFA /* Assets.xcassets in Resources */ = {isa = PBXBuildFile; fileRef = 2014FFAA1CD173B100B95AFA /* Assets.xcassets */; };
		2014FFAE1CD173B100B95AFA /* LaunchScreen.storyboard in Resources */ = {isa = PBXBuildFile; fileRef = 2014FFAC1CD173B100B95AFA /* LaunchScreen.storyboard */; };
		2014FFB61CD173D100B95AFA /* Datos.swift in Sources */ = {isa = PBXBuildFile; fileRef = 2014FFB51CD173D100B95AFA /* Datos.swift */; };
/* End PBXBuildFile section */

/* Begin PBXFileReference section */
		2014FFA01CD173B100B95AFA /* Hamburguesas.app */ = {isa = PBXFileReference; explicitFileType = wrapper.application; includeInIndex = 0; path = Hamburguesas.app; sourceTree = BUILT_PRODUCTS_DIR; };
		2014FFA31CD173B100B95AFA /* AppDelegate.swift */ = {isa = PBXFileReference; lastKnownFileType = sourcecode.swift; path = AppDelegate.swift; sourceTree = "<group>"; };
		2014FFA51CD173B100B95AFA /* ViewController.swift */ = {isa = PBXFileReference; lastKnownFileType = sourcecode.swift; path = ViewController.swift; sourceTree = "<group>"; };
		2014FFA81CD173B100B95AFA /* Base */ = {isa = PBXFileReference; lastKnownFileType = file.storyboard; name = Base; path = Base.lproj/Main.storyboard; sourceTree = "<group>"; };
		2014FFAA1CD173B100B95AFA /* Assets.xcassets */ = {isa = PBXFileReference; lastKnownFileType = folder.assetcatalog; path = Assets.xcassets; sourceTree = "<group>"; };
		2014FFAD1CD173B100B95AFA /* Base */ = {isa = PBXFileReference; lastKnownFileType = file.storyboard; name = Base; path = Base.lproj/LaunchScreen.storyboard; sourceTree = "<group>"; };
		2014FFAF1CD173B100B95AFA /* Info.plist */ = {isa = PBXFileReference; lastKnownFileType = text.plist.xml; path = Info.plist; sourceTree = "<group>"; };
		2014FFB51CD173D100B95AFA /* Datos.swift */ = {isa = PBXFileReference; fileEncoding = 4; lastKnownFileType = sourcecode.swift; path = Datos.swift; sourceTree = "<group>"; };
/* End PBXFileReference section */

/* Begin PBXFrameworksBuildPhase section */
		2014FF9D1CD173B100B95AFA /* Frameworks */ = {
			isa = PBXFrameworksBuildPhase;
			buildActionMask = 2147483647;
			files = (
			);
			runOnlyForDeploymentPostprocessing = 0;
		};
/* End PBXFrameworksBuildPhase section */

/* Begin PBXGroup section */
		2014FF971CD173B100B95AFA = {
			isa = PBXGroup;
			children = (
				2014FFA21CD173B100B95AFA /* Hamburguesas */,
				2014FFA11CD173B100B95AFA /* Products */,
			);
			sourceTree = "<group>";
		};
		2014FFA11CD173B100B95AFA /* Products */ = {
			isa = PBXGroup;
			children = (
				2014FFA01CD173B100B95AFA /* Hamburguesas.app */,
			);
			name = Products;
			sourceTree = "<group>";
		};
		2014FFA21CD173B100B95AFA /* Hamburguesas */ = {
			isa = PBXGroup;
			children = (
				2014FFA31CD173B100B95AFA /* AppDelegate.swift */,
				2014FFA51CD173B100B95AFA /* ViewController.swift */,
				2014FFA71CD173B100B95AFA /* Main.storyboard */,
				2014FFAA1CD173B100B95AFA /* Assets.xcassets */,
				2014FFAC1CD173B100B95AFA /* LaunchScreen.storyboard */,
				2014FFAF1CD173B100B95AFA /* Info.plist */,
				2014FFB51CD173D100B95AFA /* Datos.swift */,
			);
			path = Hamburguesas;
			sourceTree = "<group>";
		};
/* End PBXGroup section */

/* Begin PBXNativeTarget section */
		2014FF9F1CD173B100B95AFA /* Hamburguesas */ = {
			isa = PBXNativeTarget;
			buildConfigurationList = 2014FFB21CD173B100B95AFA /* Build configuration list for PBXNativeTarget "Hamburguesas" */;
			buildPhases = (
				2014FF9C1CD173B100B95AFA /* Sources */,
				2014FF9D1CD173B100B95AFA /* Frameworks */,
				2014FF9E1CD173B100B95AFA /* Resources */,
			);
			buildRules = (
			);
			dependencies = (
			);
			name = Hamburguesas;
			productName = Hamburguesas;
			productReference = 2014FFA01CD173B100B95AFA /* Hamburguesas.app */;
			productType = "com.apple.product-type.application";
		};
/* End PBXNativeTarget section */

/* Begin PBXProject section */
		2014FF981CD173B100B95AFA /* Project object */ = {
			isa = PBXProject;
			attributes = {
				LastSwiftUpdateCheck = 0730;
				LastUpgradeCheck = 0730;
				ORGANIZATIONNAME = "Eduardo A Alvarez";
				TargetAttributes = {
					2014FF9F1CD173B100B95AFA = {
						CreatedOnToolsVersion = 7.3;
					};
				};
			};
			buildConfigurationList = 2014FF9B1CD173B100B95AFA /* Build configuration list for PBXProject "Hamburguesas" */;
			compatibilityVersion = "Xcode 3.2";
			developmentRegion = English;
			hasScannedForEncodings = 0;
			knownRegions = (
				en,
				Base,
			);
			mainGroup = 2014FF971CD173B100B95AFA;
			productRefGroup = 2014FFA11CD173B100B95AFA /* Products */;
			projectDirPath = "";
			projectRoot = "";
			targets = (
				2014FF9F1CD173B100B95AFA /* Hamburguesas */,
			);
		};
/* End PBXProject section */

/* Begin PBXResourcesBuildPhase section */
		2014FF9E1CD173B100B95AFA /* Resources */ = {
			isa = PBXResourcesBuildPhase;
			buildActionMask = 2147483647;
			files = (
				2014FFAE1CD173B100B95AFA /* LaunchScreen.storyboard in Resources */,
				2014FFAB1CD173B100B95AFA /* Assets.xcassets in Resources */,
				2014FFA91CD173B100B95AFA /* Main.storyboard in Resources */,
			);
			runOnlyForDeploymentPostprocessing = 0;
		};
/* End PBXResourcesBuildPhase section */

/* Begin PBXSourcesBuildPhase section */
		2014FF9C1CD173B100B95AFA /* Sources */ = {
			isa = PBXSourcesBuildPhase;
			buildActionMask = 2147483647;
			files = (
				2014FFA61CD173B100B95AFA /* ViewController.swift in Sources */,
				2014FFA41CD173B100B95AFA /* AppDelegate.swift in Sources */,
				2014FFB61CD173D100B95AFA /* Datos.swift in Sources */,
			);
			runOnlyForDeploymentPostprocessing = 0;
		};
/* End PBXSourcesBuildPhase section */

/* Begin PBXVariantGroup section */
		2014FFA71CD173B100B95AFA /* Main.storyboard */ = {
			isa = PBXVariantGroup;
			children = (
				2014FFA81CD173B100B95AFA /* Base */,
			);
			name = Main.storyboard;
			sourceTree = "<group>";
		};
		2014FFAC1CD173B100B95AFA /* LaunchScreen.storyboard */ = {
			isa = PBXVariantGroup;
			children = (
				2014FFAD1CD173B100B95AFA /* Base */,
			);
			name = LaunchScreen.storyboard;
			sourceTree = "<group>";
		};
/* End PBXVariantGroup section */

/* Begin XCBuildConfiguration section */
		2014FFB01CD173B100B95AFA /* Debug */ = {
			isa = XCBuildConfiguration;
			buildSettings = {
				ALWAYS_SEARCH_USER_PATHS = NO;
				CLANG_ANALYZER_NONNULL = YES;
				CLANG_CXX_LANGUAGE_STANDARD = "gnu++0x";
				CLANG_CXX_LIBRARY = "libc++";
				CLANG_ENABLE_MODULES = YES;
				CLANG_ENABLE_OBJC_ARC = YES;
				CLANG_WARN_BOOL_CONVERSION = YES;
				CLANG_WARN_CONSTANT_CONVERSION = YES;
				CLANG_WARN_DIRECT_OBJC_ISA_USAGE = YES_ERROR;
				CLANG_WARN_EMPTY_BODY = YES;
				CLANG_WARN_ENUM_CONVERSION = YES;
				CLANG_WARN_INT_CONVERSION = YES;
				CLANG_WARN_OBJC_ROOT_CLASS = YES_ERROR;
				CLANG_WARN_UNREACHABLE_CODE = YES;
				CLANG_WARN__DUPLICATE_METHOD_MATCH = YES;
				"CODE_SIGN_IDENTITY[sdk=iphoneos*]" = "iPhone Developer";
				COPY_PHASE_STRIP = NO;
				DEBUG_INFORMATION_FORMAT = dwarf;
				ENABLE_STRICT_OBJC_MSGSEND = YES;
				ENABLE_TESTABILITY = YES;
				GCC_C_LANGUAGE_STANDARD = gnu99;
				GCC_DYNAMIC_NO_PIC = NO;
				GCC_NO_COMMON_BLOCKS = YES;
				GCC_OPTIMIZATION_LEVEL = 0;
				GCC_PREPROCESSOR_DEFINITIONS = (
					"DEBUG=1",
					"$(inherited)",
				);
				GCC_WARN_64_TO_32_BIT_CONVERSION = YES;
				GCC_WARN_ABOUT_RETURN_TYPE = YES_ERROR;
				GCC_WARN_UNDECLARED_SELECTOR = YES;
				GCC_WARN_UNINITIALIZED_AUTOS = YES_AGGRESSIVE;
				GCC_WARN_UNUSED_FUNCTION = YES;
				GCC_WARN_UNUSED_VARIABLE = YES;
				IPHONEOS_DEPLOYMENT_TARGET = 9.3;
				MTL_ENABLE_DEBUG_INFO = YES;
				ONLY_ACTIVE_ARCH = YES;
				SDKROOT = iphoneos;
				SWIFT_OPTIMIZATION_LEVEL = "-Onone";
			};
			name = Debug;
		};
		2014FFB11CD173B100B95AFA /* Release */ = {
			isa = XCBuildConfiguration;
			buildSettings = {
				ALWAYS_SEARCH_USER_PATHS = NO;
				CLANG_ANALYZER_NONNULL = YES;
				CLANG_CXX_LANGUAGE_STANDARD = "gnu++0x";
				CLANG_CXX_LIBRARY = "libc++";
				CLANG_ENABLE_MODULES = YES;
				CLANG_ENABLE_OBJC_ARC = YES;
				CLANG_WARN_BOOL_CONVERSION = YES;
				CLANG_WARN_CONSTANT_CONVERSION = YES;
				CLANG_WARN_DIRECT_OBJC_ISA_USAGE = YES_ERROR;
				CLANG_WARN_EMPTY_BODY = YES;
				CLANG_WARN_ENUM_CONVERSION = YES;
				CLANG_WARN_INT_CONVERSION = YES;
				CLANG_WARN_OBJC_ROOT_CLASS = YES_ERROR;
				CLANG_WARN_UNREACHABLE_CODE = YES;
				CLANG_WARN__DUPLICATE_METHOD_MATCH = YES;
				"CODE_SIGN_IDENTITY[sdk=iphoneos*]" = "iPhone Developer";
				COPY_PHASE_STRIP = NO;
				DEBUG_INFORMATION_FORMAT = "dwarf-with-dsym";
				ENABLE_NS_ASSERTIONS = NO;
				ENABLE_STRICT_OBJC_MSGSEND = YES;
				GCC_C_LANGUAGE_STANDARD = gnu99;
				GCC_NO_COMMON_BLOCKS = YES;
				GCC_WARN_64_TO_32_BIT_CONVERSION = YES;
				GCC_WARN_ABOUT_RETURN_TYPE = YES_ERROR;
				GCC_WARN_UNDECLARED_SELECTOR = YES;
				GCC_WARN_UNINITIALIZED_AUTOS = YES_AGGRESSIVE;
				GCC_WARN_UNUSED_FUNCTION = YES;
				GCC_WARN_UNUSED_VARIABLE = YES;
				IPHONEOS_DEPLOYMENT_TARGET = 9.3;
				MTL_ENABLE_DEBUG_INFO = NO;
				SDKROOT = iphoneos;
				VALIDATE_PRODUCT = YES;
			};
			name = Release;
		};
		2014FFB31CD173B100B95AFA /* Debug */ = {
			isa = XCBuildConfiguration;
			buildSettings = {
				ASSETCATALOG_COMPILER_APPICON_NAME = AppIcon;
				INFOPLIST_FILE = Hamburguesas/Info.plist;
				LD_RUNPATH_SEARCH_PATHS = "$(inherited) @executable_path/Frameworks";
				PRODUCT_BUNDLE_IDENTIFIER = mx.miniburbujas.Hamburguesas;
				PRODUCT_NAME = "$(TARGET_NAME)";
			};
			name = Debug;
		};
		2014FFB41CD173B100B95AFA /* Release */ = {
			isa = XCBuildConfiguration;
			buildSettings = {
				ASSETCATALOG_COMPILER_APPICON_NAME = AppIcon;
				INFOPLIST_FILE = Hamburguesas/Info.plist;
				LD_RUNPATH_SEARCH_PATHS = "$(inherited) @executable_path/Frameworks";
				PRODUCT_BUNDLE_IDENTIFIER = mx.miniburbujas.Hamburguesas;
				PRODUCT_NAME = "$(TARGET_NAME)";
			};
			name = Release;
		};
/* End XCBuildConfiguration section */

/* Begin XCConfigurationList section */
		2014FF9B1CD173B100B95AFA /* Build configuration list for PBXProject "Hamburguesas" */ = {
			isa = XCConfigurationList;
			buildConfigurations = (
				2014FFB01CD173B100B95AFA /* Debug */,
				2014FFB11CD173B100B95AFA /* Release */,
			);
			defaultConfigurationIsVisible = 0;
			defaultConfigurationName = Release;
		};
		2014FFB21CD173B100B95AFA /* Build configuration list for PBXNativeTarget "Hamburguesas" */ = {
			isa = XCConfigurationList;
			buildConfigurations = (
				2014FFB31CD173B100B95AFA /* Debug */,
				2014FFB41CD173B100B95AFA /* Release */,
			);
			defaultConfigurationIsVisible = 0;
		};
/* End XCConfigurationList section */
	};
	rootObject = 2014FF981CD173B100B95AFA /* Project object */;
}
